
Microsoft Visual Studio Solution File, Format Version 12.00
# Visual Studio 15
VisualStudioVersion = 15.0.28010.2003
MinimumVisualStudioVersion = 10.0.40219.1
Project("{FAE04EC0-301F-11D3-BF4B-00C04F79EFBC}") = "ConsoleWatcher", "ConsoleWatcher\ConsoleWatcher.csproj", "{D7A6C4F6-DA1D-497C-B1B2-E640A6A5EBF4}"
EndProject
Global
	GlobalSection(SolutionConfigurationPlatforms) = preSolution
		Debug|Any CPU = Debug|Any CPU
		Release|Any CPU = Release|Any CPU
	EndGlobalSection
	GlobalSection(ProjectConfigurationPlatforms) = postSolution
		{D7A6C4F6-DA1D-497C-B1B2-E640A6A5EBF4}.Debug|Any CPU.ActiveCfg = Debug|Any CPU
		{D7A6C4F6-DA1D-497C-B1B2-E640A6A5EBF4}.Debug|Any CPU.Build.0 = Debug|Any CPU
		{D7A6C4F6-DA1D-497C-B1B2-E640A6A5EBF4}.Release|Any CPU.ActiveCfg = Release|Any CPU
		{D7A6C4F6-DA1D-497C-B1B2-E640A6A5EBF4}.Release|Any CPU.Build.0 = Release|Any CPU
	EndGlobalSection
	GlobalSection(SolutionProperties) = preSolution
		HideSolutionNode = FALSE
	EndGlobalSection
	GlobalSection(ExtensibilityGlobals) = postSolution
		SolutionGuid = {7199BF0A-E4BC-4097-A74F-E18B2345DD16}
	EndGlobalSection
EndGlobal
